
Microsoft Visual Studio Solution File, Format Version 12.00
# Visual Studio Version 16
VisualStudioVersion = 16.0.29424.173
MinimumVisualStudioVersion = 10.0.40219.1
Project("{9A19103F-16F7-4668-BE54-9A1E7A4F7556}") = "JianShen.Swarm.Web", "JianShen.Swarm.Web\JianShen.Swarm.Web.csproj", "{A8CC6920-419E-4C73-B47C-7E634EAC1910}"
EndProject
Project("{9A19103F-16F7-4668-BE54-9A1E7A4F7556}") = "JianShen.Swarm.XUnit", "JianShen.Swarm.XUnit\JianShen.Swarm.XUnit.csproj", "{BE74A95B-9E75-49BF-9CCA-E719CA224A65}"
EndProject
Project("{2150E333-8FDC-42A3-9474-1A3956D46DE8}") = "JianShen.Swram.Study", "JianShen.Swram.Study", "{CA9BC08D-70EE-4DA3-8823-F49BF7EF1978}"
EndProject
Project("{2150E333-8FDC-42A3-9474-1A3956D46DE8}") = "权限管理", "权限管理", "{58521017-B140-4200-ADD1-E1E1A2561B50}"
EndProject
Project("{9A19103F-16F7-4668-BE54-9A1E7A4F7556}") = "PrivilegeManagement", "PrivilegeManagement\PrivilegeManagement.csproj", "{0414E414-FE2C-4381-87CF-F67FED8A0E25}"
EndProject
Project("{9A19103F-16F7-4668-BE54-9A1E7A4F7556}") = "PolicyPrivilegeManagement", "PolicyPrivilegeManagement\PolicyPrivilegeManagement.csproj", "{24EFE6D6-5DE6-46D5-83C5-D7698BF4E9D2}"
EndProject
Project("{2150E333-8FDC-42A3-9474-1A3956D46DE8}") = "ActionResult", "ActionResult", "{58FAA7DB-2800-4BC4-91F6-535EF820088D}"
EndProject
Project("{9A19103F-16F7-4668-BE54-9A1E7A4F7556}") = "ActionResultStudy", "ActionResultStudy\ActionResultStudy.csproj", "{A2C236B2-793A-47C1-920E-F68BDDD68DF6}"
EndProject
Project("{2150E333-8FDC-42A3-9474-1A3956D46DE8}") = "单页应用", "单页应用", "{73739D88-0DE0-4538-99C6-E87E1F71A495}"
EndProject
Project("{9A19103F-16F7-4668-BE54-9A1E7A4F7556}") = "NetCoreMvcSPA", "NetCoreMvcSPA\NetCoreMvcSPA.csproj", "{E4FD08BD-FCC1-4C57-B7C8-9E498BAA6960}"
EndProject
Project("{9092AA53-FB77-4645-B42D-1CCCA6BD08BD}") = "VueSPA", "VueSPA\VueSPA.njsproj", "{47063E7A-706E-4F40-8D8C-B78D85D05828}"
EndProject
Project("{FAE04EC0-301F-11D3-BF4B-00C04F79EFBC}") = "NetCoreMvcSPA2", "NetCoreMvcSPA2\NetCoreMvcSPA2.csproj", "{9AA46E40-76BA-45F5-87D4-7EA02D56AE2C}"
EndProject
Global
	GlobalSection(SolutionConfigurationPlatforms) = preSolution
		Debug|Any CPU = Debug|Any CPU
		Release|Any CPU = Release|Any CPU
	EndGlobalSection
	GlobalSection(ProjectConfigurationPlatforms) = postSolution
		{A8CC6920-419E-4C73-B47C-7E634EAC1910}.Debug|Any CPU.ActiveCfg = Debug|Any CPU
		{A8CC6920-419E-4C73-B47C-7E634EAC1910}.Debug|Any CPU.Build.0 = Debug|Any CPU
		{A8CC6920-419E-4C73-B47C-7E634EAC1910}.Release|Any CPU.ActiveCfg = Release|Any CPU
		{A8CC6920-419E-4C73-B47C-7E634EAC1910}.Release|Any CPU.Build.0 = Release|Any CPU
		{BE74A95B-9E75-49BF-9CCA-E719CA224A65}.Debug|Any CPU.ActiveCfg = Debug|Any CPU
		{BE74A95B-9E75-49BF-9CCA-E719CA224A65}.Debug|Any CPU.Build.0 = Debug|Any CPU
		{BE74A95B-9E75-49BF-9CCA-E719CA224A65}.Release|Any CPU.ActiveCfg = Release|Any CPU
		{BE74A95B-9E75-49BF-9CCA-E719CA224A65}.Release|Any CPU.Build.0 = Release|Any CPU
		{0414E414-FE2C-4381-87CF-F67FED8A0E25}.Debug|Any CPU.ActiveCfg = Debug|Any CPU
		{0414E414-FE2C-4381-87CF-F67FED8A0E25}.Debug|Any CPU.Build.0 = Debug|Any CPU
		{0414E414-FE2C-4381-87CF-F67FED8A0E25}.Release|Any CPU.ActiveCfg = Release|Any CPU
		{0414E414-FE2C-4381-87CF-F67FED8A0E25}.Release|Any CPU.Build.0 = Release|Any CPU
		{24EFE6D6-5DE6-46D5-83C5-D7698BF4E9D2}.Debug|Any CPU.ActiveCfg = Debug|Any CPU
		{24EFE6D6-5DE6-46D5-83C5-D7698BF4E9D2}.Debug|Any CPU.Build.0 = Debug|Any CPU
		{24EFE6D6-5DE6-46D5-83C5-D7698BF4E9D2}.Release|Any CPU.ActiveCfg = Release|Any CPU
		{24EFE6D6-5DE6-46D5-83C5-D7698BF4E9D2}.Release|Any CPU.Build.0 = Release|Any CPU
		{A2C236B2-793A-47C1-920E-F68BDDD68DF6}.Debug|Any CPU.ActiveCfg = Debug|Any CPU
		{A2C236B2-793A-47C1-920E-F68BDDD68DF6}.Debug|Any CPU.Build.0 = Debug|Any CPU
		{A2C236B2-793A-47C1-920E-F68BDDD68DF6}.Release|Any CPU.ActiveCfg = Release|Any CPU
		{A2C236B2-793A-47C1-920E-F68BDDD68DF6}.Release|Any CPU.Build.0 = Release|Any CPU
		{E4FD08BD-FCC1-4C57-B7C8-9E498BAA6960}.Debug|Any CPU.ActiveCfg = Debug|Any CPU
		{E4FD08BD-FCC1-4C57-B7C8-9E498BAA6960}.Debug|Any CPU.Build.0 = Debug|Any CPU
		{E4FD08BD-FCC1-4C57-B7C8-9E498BAA6960}.Release|Any CPU.ActiveCfg = Release|Any CPU
		{E4FD08BD-FCC1-4C57-B7C8-9E498BAA6960}.Release|Any CPU.Build.0 = Release|Any CPU
		{47063E7A-706E-4F40-8D8C-B78D85D05828}.Debug|Any CPU.ActiveCfg = Debug|Any CPU
		{47063E7A-706E-4F40-8D8C-B78D85D05828}.Debug|Any CPU.Build.0 = Debug|Any CPU
		{47063E7A-706E-4F40-8D8C-B78D85D05828}.Release|Any CPU.ActiveCfg = Release|Any CPU
		{47063E7A-706E-4F40-8D8C-B78D85D05828}.Release|Any CPU.Build.0 = Release|Any CPU
		{9AA46E40-76BA-45F5-87D4-7EA02D56AE2C}.Debug|Any CPU.ActiveCfg = Debug|Any CPU
		{9AA46E40-76BA-45F5-87D4-7EA02D56AE2C}.Debug|Any CPU.Build.0 = Debug|Any CPU
		{9AA46E40-76BA-45F5-87D4-7EA02D56AE2C}.Release|Any CPU.ActiveCfg = Release|Any CPU
		{9AA46E40-76BA-45F5-87D4-7EA02D56AE2C}.Release|Any CPU.Build.0 = Release|Any CPU
	EndGlobalSection
	GlobalSection(SolutionProperties) = preSolution
		HideSolutionNode = FALSE
	EndGlobalSection
	GlobalSection(NestedProjects) = preSolution
		{58521017-B140-4200-ADD1-E1E1A2561B50} = {CA9BC08D-70EE-4DA3-8823-F49BF7EF1978}
		{0414E414-FE2C-4381-87CF-F67FED8A0E25} = {58521017-B140-4200-ADD1-E1E1A2561B50}
		{24EFE6D6-5DE6-46D5-83C5-D7698BF4E9D2} = {58521017-B140-4200-ADD1-E1E1A2561B50}
		{58FAA7DB-2800-4BC4-91F6-535EF820088D} = {CA9BC08D-70EE-4DA3-8823-F49BF7EF1978}
		{A2C236B2-793A-47C1-920E-F68BDDD68DF6} = {58FAA7DB-2800-4BC4-91F6-535EF820088D}
		{73739D88-0DE0-4538-99C6-E87E1F71A495} = {CA9BC08D-70EE-4DA3-8823-F49BF7EF1978}
		{E4FD08BD-FCC1-4C57-B7C8-9E498BAA6960} = {73739D88-0DE0-4538-99C6-E87E1F71A495}
		{47063E7A-706E-4F40-8D8C-B78D85D05828} = {73739D88-0DE0-4538-99C6-E87E1F71A495}
		{9AA46E40-76BA-45F5-87D4-7EA02D56AE2C} = {73739D88-0DE0-4538-99C6-E87E1F71A495}
	EndGlobalSection
	GlobalSection(ExtensibilityGlobals) = postSolution
		SolutionGuid = {98B61122-0C97-410F-A272-152318E15876}
	EndGlobalSection
EndGlobal
