
Microsoft Visual Studio Solution File, Format Version 12.00
# Visual Studio Version 16
VisualStudioVersion = 16.0.29424.173
MinimumVisualStudioVersion = 10.0.40219.1
Project("{9A19103F-16F7-4668-BE54-9A1E7A4F7556}") = "JianShen.Swarm.Web", "JianShen.Swarm.Web\JianShen.Swarm.Web.csproj", "{A8CC6920-419E-4C73-B47C-7E634EAC1910}"
EndProject
Project("{9A19103F-16F7-4668-BE54-9A1E7A4F7556}") = "JianShen.Swarm.XUnit", "JianShen.Swarm.XUnit\JianShen.Swarm.XUnit.csproj", "{BE74A95B-9E75-49BF-9CCA-E719CA224A65}"
EndProject
Project("{2150E333-8FDC-42A3-9474-1A3956D46DE8}") = "JianShen.Swram.Study", "JianShen.Swram.Study", "{CA9BC08D-70EE-4DA3-8823-F49BF7EF1978}"
EndProject
Project("{2150E333-8FDC-42A3-9474-1A3956D46DE8}") = "权限管理", "权限管理", "{58521017-B140-4200-ADD1-E1E1A2561B50}"
EndProject
Project("{9A19103F-16F7-4668-BE54-9A1E7A4F7556}") = "PrivilegeManagement", "PrivilegeManagement\PrivilegeManagement.csproj", "{0414E414-FE2C-4381-87CF-F67FED8A0E25}"
EndProject
Project("{9A19103F-16F7-4668-BE54-9A1E7A4F7556}") = "PolicyPrivilegeManagement", "PolicyPrivilegeManagement\PolicyPrivilegeManagement.csproj", "{24EFE6D6-5DE6-46D5-83C5-D7698BF4E9D2}"
EndProject
Project("{2150E333-8FDC-42A3-9474-1A3956D46DE8}") = "ActionResult", "ActionResult", "{58FAA7DB-2800-4BC4-91F6-535EF820088D}"
EndProject
Project("{9A19103F-16F7-4668-BE54-9A1E7A4F7556}") = "ActionResultStudy", "ActionResultStudy\ActionResultStudy.csproj", "{A2C236B2-793A-47C1-920E-F68BDDD68DF6}"
EndProject
Project("{2150E333-8FDC-42A3-9474-1A3956D46DE8}") = "单页应用", "单页应用", "{73739D88-0DE0-4538-99C6-E87E1F71A495}"
EndProject
Project("{9A19103F-16F7-4668-BE54-9A1E7A4F7556}") = "NetCoreMvcSPA", "NetCoreMvcSPA\NetCoreMvcSPA.csproj", "{E4FD08BD-FCC1-4C57-B7C8-9E498BAA6960}"
EndProject
Project("{9092AA53-FB77-4645-B42D-1CCCA6BD08BD}") = "VueSPA", "VueSPA\VueSPA.njsproj", "{47063E7A-706E-4F40-8D8C-B78D85D05828}"
EndProject
Project("{9A19103F-16F7-4668-BE54-9A1E7A4F7556}") = "NetCoreMvcSPA2", "NetCoreMvcSPA2\NetCoreMvcSPA2.csproj", "{9AA46E40-76BA-45F5-87D4-7EA02D56AE2C}"
EndProject
Project("{9A19103F-16F7-4668-BE54-9A1E7A4F7556}") = "NetCoreMvcVueElementUI", "NetCoreMvcVueElementUI\NetCoreMvcVueElementUI.csproj", "{849775EB-B95A-4761-848B-EA6C449E1C88}"
EndProject
Project("{FAE04EC0-301F-11D3-BF4B-00C04F79EFBC}") = "JianShen.Swarm.Common", "JianShen.Swarm.Common\JianShen.Swarm.Common.csproj", "{61846D63-DA2F-4D33-BAB1-7526E3AD750B}"
EndProject
Project("{FAE04EC0-301F-11D3-BF4B-00C04F79EFBC}") = "JianShen.Swarm.DTO", "JianShen.Swarm.DTO\JianShen.Swarm.DTO.csproj", "{6201583B-A9E2-4E96-B4D2-D95314C91E67}"
EndProject
Project("{FAE04EC0-301F-11D3-BF4B-00C04F79EFBC}") = "JianShen.Swarm.IRepository", "JianShen.Swarm.IRepository\JianShen.Swarm.IRepository.csproj", "{BAB3EA59-3184-43E2-BC23-E7BA9CE37ECC}"
EndProject
Project("{FAE04EC0-301F-11D3-BF4B-00C04F79EFBC}") = "JianShen.Swarm.Repository", "JianShen.Swarm.Repository\JianShen.Swarm.Repository.csproj", "{3027B106-0FAC-4C2A-9DB6-E252E15ADC9F}"
EndProject
Project("{FAE04EC0-301F-11D3-BF4B-00C04F79EFBC}") = "JianShen.Swarm.IService", "JianShen.Swarm.IService\JianShen.Swarm.IService.csproj", "{EF1743A3-2A56-4901-9D77-BF984DE3ACB4}"
EndProject
Project("{FAE04EC0-301F-11D3-BF4B-00C04F79EFBC}") = "JianShen.Swarm.Service", "JianShen.Swarm.Service\JianShen.Swarm.Service.csproj", "{2D365B39-E038-4E69-A571-40F9E1809AB7}"
EndProject
Project("{FAE04EC0-301F-11D3-BF4B-00C04F79EFBC}") = "JianShen.Swarm.Model", "JianShen.Swarm.Model\JianShen.Swarm.Model.csproj", "{27218ED3-874F-4BC1-9ABB-E0DF0B18C9AC}"
EndProject
Project("{FAE04EC0-301F-11D3-BF4B-00C04F79EFBC}") = "JianShen.Swarm.WebApi", "JianShen.Swarm.WebApi\JianShen.Swarm.WebApi.csproj", "{B040CD32-CC7D-4665-8BCB-916C82B6B031}"
EndProject
Project("{FAE04EC0-301F-11D3-BF4B-00C04F79EFBC}") = "JianShen.Swarm.Utility", "JianShen.Swarm.Utility\JianShen.Swarm.Utility.csproj", "{B8321916-6AE4-4D99-A55D-66DEEDFAA41A}"
EndProject
Global
	GlobalSection(SolutionConfigurationPlatforms) = preSolution
		Debug|Any CPU = Debug|Any CPU
		Release|Any CPU = Release|Any CPU
	EndGlobalSection
	GlobalSection(ProjectConfigurationPlatforms) = postSolution
		{A8CC6920-419E-4C73-B47C-7E634EAC1910}.Debug|Any CPU.ActiveCfg = Debug|Any CPU
		{A8CC6920-419E-4C73-B47C-7E634EAC1910}.Debug|Any CPU.Build.0 = Debug|Any CPU
		{A8CC6920-419E-4C73-B47C-7E634EAC1910}.Release|Any CPU.ActiveCfg = Release|Any CPU
		{A8CC6920-419E-4C73-B47C-7E634EAC1910}.Release|Any CPU.Build.0 = Release|Any CPU
		{BE74A95B-9E75-49BF-9CCA-E719CA224A65}.Debug|Any CPU.ActiveCfg = Debug|Any CPU
		{BE74A95B-9E75-49BF-9CCA-E719CA224A65}.Debug|Any CPU.Build.0 = Debug|Any CPU
		{BE74A95B-9E75-49BF-9CCA-E719CA224A65}.Release|Any CPU.ActiveCfg = Release|Any CPU
		{BE74A95B-9E75-49BF-9CCA-E719CA224A65}.Release|Any CPU.Build.0 = Release|Any CPU
		{0414E414-FE2C-4381-87CF-F67FED8A0E25}.Debug|Any CPU.ActiveCfg = Debug|Any CPU
		{0414E414-FE2C-4381-87CF-F67FED8A0E25}.Debug|Any CPU.Build.0 = Debug|Any CPU
		{0414E414-FE2C-4381-87CF-F67FED8A0E25}.Release|Any CPU.ActiveCfg = Release|Any CPU
		{0414E414-FE2C-4381-87CF-F67FED8A0E25}.Release|Any CPU.Build.0 = Release|Any CPU
		{24EFE6D6-5DE6-46D5-83C5-D7698BF4E9D2}.Debug|Any CPU.ActiveCfg = Debug|Any CPU
		{24EFE6D6-5DE6-46D5-83C5-D7698BF4E9D2}.Debug|Any CPU.Build.0 = Debug|Any CPU
		{24EFE6D6-5DE6-46D5-83C5-D7698BF4E9D2}.Release|Any CPU.ActiveCfg = Release|Any CPU
		{24EFE6D6-5DE6-46D5-83C5-D7698BF4E9D2}.Release|Any CPU.Build.0 = Release|Any CPU
		{A2C236B2-793A-47C1-920E-F68BDDD68DF6}.Debug|Any CPU.ActiveCfg = Debug|Any CPU
		{A2C236B2-793A-47C1-920E-F68BDDD68DF6}.Debug|Any CPU.Build.0 = Debug|Any CPU
		{A2C236B2-793A-47C1-920E-F68BDDD68DF6}.Release|Any CPU.ActiveCfg = Release|Any CPU
		{A2C236B2-793A-47C1-920E-F68BDDD68DF6}.Release|Any CPU.Build.0 = Release|Any CPU
		{E4FD08BD-FCC1-4C57-B7C8-9E498BAA6960}.Debug|Any CPU.ActiveCfg = Debug|Any CPU
		{E4FD08BD-FCC1-4C57-B7C8-9E498BAA6960}.Debug|Any CPU.Build.0 = Debug|Any CPU
		{E4FD08BD-FCC1-4C57-B7C8-9E498BAA6960}.Release|Any CPU.ActiveCfg = Release|Any CPU
		{E4FD08BD-FCC1-4C57-B7C8-9E498BAA6960}.Release|Any CPU.Build.0 = Release|Any CPU
		{47063E7A-706E-4F40-8D8C-B78D85D05828}.Debug|Any CPU.ActiveCfg = Debug|Any CPU
		{47063E7A-706E-4F40-8D8C-B78D85D05828}.Debug|Any CPU.Build.0 = Debug|Any CPU
		{47063E7A-706E-4F40-8D8C-B78D85D05828}.Release|Any CPU.ActiveCfg = Release|Any CPU
		{47063E7A-706E-4F40-8D8C-B78D85D05828}.Release|Any CPU.Build.0 = Release|Any CPU
		{9AA46E40-76BA-45F5-87D4-7EA02D56AE2C}.Debug|Any CPU.ActiveCfg = Debug|Any CPU
		{9AA46E40-76BA-45F5-87D4-7EA02D56AE2C}.Debug|Any CPU.Build.0 = Debug|Any CPU
		{9AA46E40-76BA-45F5-87D4-7EA02D56AE2C}.Release|Any CPU.ActiveCfg = Release|Any CPU
		{9AA46E40-76BA-45F5-87D4-7EA02D56AE2C}.Release|Any CPU.Build.0 = Release|Any CPU
		{849775EB-B95A-4761-848B-EA6C449E1C88}.Debug|Any CPU.ActiveCfg = Debug|Any CPU
		{849775EB-B95A-4761-848B-EA6C449E1C88}.Debug|Any CPU.Build.0 = Debug|Any CPU
		{849775EB-B95A-4761-848B-EA6C449E1C88}.Release|Any CPU.ActiveCfg = Release|Any CPU
		{849775EB-B95A-4761-848B-EA6C449E1C88}.Release|Any CPU.Build.0 = Release|Any CPU
		{61846D63-DA2F-4D33-BAB1-7526E3AD750B}.Debug|Any CPU.ActiveCfg = Debug|Any CPU
		{61846D63-DA2F-4D33-BAB1-7526E3AD750B}.Debug|Any CPU.Build.0 = Debug|Any CPU
		{61846D63-DA2F-4D33-BAB1-7526E3AD750B}.Release|Any CPU.ActiveCfg = Release|Any CPU
		{61846D63-DA2F-4D33-BAB1-7526E3AD750B}.Release|Any CPU.Build.0 = Release|Any CPU
		{6201583B-A9E2-4E96-B4D2-D95314C91E67}.Debug|Any CPU.ActiveCfg = Debug|Any CPU
		{6201583B-A9E2-4E96-B4D2-D95314C91E67}.Debug|Any CPU.Build.0 = Debug|Any CPU
		{6201583B-A9E2-4E96-B4D2-D95314C91E67}.Release|Any CPU.ActiveCfg = Release|Any CPU
		{6201583B-A9E2-4E96-B4D2-D95314C91E67}.Release|Any CPU.Build.0 = Release|Any CPU
		{BAB3EA59-3184-43E2-BC23-E7BA9CE37ECC}.Debug|Any CPU.ActiveCfg = Debug|Any CPU
		{BAB3EA59-3184-43E2-BC23-E7BA9CE37ECC}.Debug|Any CPU.Build.0 = Debug|Any CPU
		{BAB3EA59-3184-43E2-BC23-E7BA9CE37ECC}.Release|Any CPU.ActiveCfg = Release|Any CPU
		{BAB3EA59-3184-43E2-BC23-E7BA9CE37ECC}.Release|Any CPU.Build.0 = Release|Any CPU
		{3027B106-0FAC-4C2A-9DB6-E252E15ADC9F}.Debug|Any CPU.ActiveCfg = Debug|Any CPU
		{3027B106-0FAC-4C2A-9DB6-E252E15ADC9F}.Debug|Any CPU.Build.0 = Debug|Any CPU
		{3027B106-0FAC-4C2A-9DB6-E252E15ADC9F}.Release|Any CPU.ActiveCfg = Release|Any CPU
		{3027B106-0FAC-4C2A-9DB6-E252E15ADC9F}.Release|Any CPU.Build.0 = Release|Any CPU
		{EF1743A3-2A56-4901-9D77-BF984DE3ACB4}.Debug|Any CPU.ActiveCfg = Debug|Any CPU
		{EF1743A3-2A56-4901-9D77-BF984DE3ACB4}.Debug|Any CPU.Build.0 = Debug|Any CPU
		{EF1743A3-2A56-4901-9D77-BF984DE3ACB4}.Release|Any CPU.ActiveCfg = Release|Any CPU
		{EF1743A3-2A56-4901-9D77-BF984DE3ACB4}.Release|Any CPU.Build.0 = Release|Any CPU
		{2D365B39-E038-4E69-A571-40F9E1809AB7}.Debug|Any CPU.ActiveCfg = Debug|Any CPU
		{2D365B39-E038-4E69-A571-40F9E1809AB7}.Debug|Any CPU.Build.0 = Debug|Any CPU
		{2D365B39-E038-4E69-A571-40F9E1809AB7}.Release|Any CPU.ActiveCfg = Release|Any CPU
		{2D365B39-E038-4E69-A571-40F9E1809AB7}.Release|Any CPU.Build.0 = Release|Any CPU
		{27218ED3-874F-4BC1-9ABB-E0DF0B18C9AC}.Debug|Any CPU.ActiveCfg = Debug|Any CPU
		{27218ED3-874F-4BC1-9ABB-E0DF0B18C9AC}.Debug|Any CPU.Build.0 = Debug|Any CPU
		{27218ED3-874F-4BC1-9ABB-E0DF0B18C9AC}.Release|Any CPU.ActiveCfg = Release|Any CPU
		{27218ED3-874F-4BC1-9ABB-E0DF0B18C9AC}.Release|Any CPU.Build.0 = Release|Any CPU
		{B040CD32-CC7D-4665-8BCB-916C82B6B031}.Debug|Any CPU.ActiveCfg = Debug|Any CPU
		{B040CD32-CC7D-4665-8BCB-916C82B6B031}.Debug|Any CPU.Build.0 = Debug|Any CPU
		{B040CD32-CC7D-4665-8BCB-916C82B6B031}.Release|Any CPU.ActiveCfg = Release|Any CPU
		{B040CD32-CC7D-4665-8BCB-916C82B6B031}.Release|Any CPU.Build.0 = Release|Any CPU
		{B8321916-6AE4-4D99-A55D-66DEEDFAA41A}.Debug|Any CPU.ActiveCfg = Debug|Any CPU
		{B8321916-6AE4-4D99-A55D-66DEEDFAA41A}.Debug|Any CPU.Build.0 = Debug|Any CPU
		{B8321916-6AE4-4D99-A55D-66DEEDFAA41A}.Release|Any CPU.ActiveCfg = Release|Any CPU
		{B8321916-6AE4-4D99-A55D-66DEEDFAA41A}.Release|Any CPU.Build.0 = Release|Any CPU
	EndGlobalSection
	GlobalSection(SolutionProperties) = preSolution
		HideSolutionNode = FALSE
	EndGlobalSection
	GlobalSection(NestedProjects) = preSolution
		{58521017-B140-4200-ADD1-E1E1A2561B50} = {CA9BC08D-70EE-4DA3-8823-F49BF7EF1978}
		{0414E414-FE2C-4381-87CF-F67FED8A0E25} = {58521017-B140-4200-ADD1-E1E1A2561B50}
		{24EFE6D6-5DE6-46D5-83C5-D7698BF4E9D2} = {58521017-B140-4200-ADD1-E1E1A2561B50}
		{58FAA7DB-2800-4BC4-91F6-535EF820088D} = {CA9BC08D-70EE-4DA3-8823-F49BF7EF1978}
		{A2C236B2-793A-47C1-920E-F68BDDD68DF6} = {58FAA7DB-2800-4BC4-91F6-535EF820088D}
		{73739D88-0DE0-4538-99C6-E87E1F71A495} = {CA9BC08D-70EE-4DA3-8823-F49BF7EF1978}
		{E4FD08BD-FCC1-4C57-B7C8-9E498BAA6960} = {73739D88-0DE0-4538-99C6-E87E1F71A495}
		{47063E7A-706E-4F40-8D8C-B78D85D05828} = {73739D88-0DE0-4538-99C6-E87E1F71A495}
		{9AA46E40-76BA-45F5-87D4-7EA02D56AE2C} = {73739D88-0DE0-4538-99C6-E87E1F71A495}
		{849775EB-B95A-4761-848B-EA6C449E1C88} = {73739D88-0DE0-4538-99C6-E87E1F71A495}
	EndGlobalSection
	GlobalSection(ExtensibilityGlobals) = postSolution
		SolutionGuid = {98B61122-0C97-410F-A272-152318E15876}
	EndGlobalSection
EndGlobal
